
Microsoft Visual Studio Solution File, Format Version 12.00
# Visual Studio 15
VisualStudioVersion = 15.0.27428.2037
MinimumVisualStudioVersion = 10.0.40219.1
Project("{9092AA53-FB77-4645-B42D-1CCCA6BD08BD}") = "ExpressApp1", "ExpressApp1\ExpressApp1.njsproj", "{C762306F-97E1-4D50-986F-14382000B8F0}"
EndProject
Global
	GlobalSection(SolutionConfigurationPlatforms) = preSolution
		Debug|Any CPU = Debug|Any CPU
		Release|Any CPU = Release|Any CPU
	EndGlobalSection
	GlobalSection(ProjectConfigurationPlatforms) = postSolution
		{C762306F-97E1-4D50-986F-14382000B8F0}.Debug|Any CPU.ActiveCfg = Debug|Any CPU
		{C762306F-97E1-4D50-986F-14382000B8F0}.Debug|Any CPU.Build.0 = Debug|Any CPU
		{C762306F-97E1-4D50-986F-14382000B8F0}.Release|Any CPU.ActiveCfg = Release|Any CPU
		{C762306F-97E1-4D50-986F-14382000B8F0}.Release|Any CPU.Build.0 = Release|Any CPU
	EndGlobalSection
	GlobalSection(SolutionProperties) = preSolution
		HideSolutionNode = FALSE
	EndGlobalSection
	GlobalSection(ExtensibilityGlobals) = postSolution
		SolutionGuid = {2D315CB5-125E-4D9B-96F2-DF3C3159D4D1}
	EndGlobalSection
EndGlobal
